
Microsoft Visual Studio Solution File, Format Version 12.00
# Visual Studio Version 17
VisualStudioVersion = 17.12.35506.116 d17.12
MinimumVisualStudioVersion = 10.0.40219.1
Project("{FAE04EC0-301F-11D3-BF4B-00C04F79EFBC}") = "DependencyInjectionDemo", "DependencyInjectionDemo\DependencyInjectionDemo.csproj", "{23F39D85-D143-49B9-B81E-4EC1DC92BB39}"
EndProject
Global
	GlobalSection(SolutionConfigurationPlatforms) = preSolution
		Debug|Any CPU = Debug|Any CPU
		Release|Any CPU = Release|Any CPU
	EndGlobalSection
	GlobalSection(ProjectConfigurationPlatforms) = postSolution
		{23F39D85-D143-49B9-B81E-4EC1DC92BB39}.Debug|Any CPU.ActiveCfg = Debug|Any CPU
		{23F39D85-D143-49B9-B81E-4EC1DC92BB39}.Debug|Any CPU.Build.0 = Debug|Any CPU
		{23F39D85-D143-49B9-B81E-4EC1DC92BB39}.Release|Any CPU.ActiveCfg = Release|Any CPU
		{23F39D85-D143-49B9-B81E-4EC1DC92BB39}.Release|Any CPU.Build.0 = Release|Any CPU
	EndGlobalSection
	GlobalSection(SolutionProperties) = preSolution
		HideSolutionNode = FALSE
	EndGlobalSection
EndGlobal
