
Microsoft Visual Studio Solution File, Format Version 12.00
# Visual Studio Version 17
VisualStudioVersion = 17.10.35122.118
MinimumVisualStudioVersion = 10.0.40219.1
Project("{FAE04EC0-301F-11D3-BF4B-00C04F79EFBC}") = "Blazor Server App", "Blazor Server App\Blazor Server App.csproj", "{F997EC2F-A85B-4087-8296-0C56A64595A6}"
EndProject
Global
	GlobalSection(SolutionConfigurationPlatforms) = preSolution
		Debug|Any CPU = Debug|Any CPU
		Release|Any CPU = Release|Any CPU
	EndGlobalSection
	GlobalSection(ProjectConfigurationPlatforms) = postSolution
		{F997EC2F-A85B-4087-8296-0C56A64595A6}.Debug|Any CPU.ActiveCfg = Debug|Any CPU
		{F997EC2F-A85B-4087-8296-0C56A64595A6}.Debug|Any CPU.Build.0 = Debug|Any CPU
		{F997EC2F-A85B-4087-8296-0C56A64595A6}.Release|Any CPU.ActiveCfg = Release|Any CPU
		{F997EC2F-A85B-4087-8296-0C56A64595A6}.Release|Any CPU.Build.0 = Release|Any CPU
	EndGlobalSection
	GlobalSection(SolutionProperties) = preSolution
		HideSolutionNode = FALSE
	EndGlobalSection
	GlobalSection(ExtensibilityGlobals) = postSolution
		SolutionGuid = {83028631-B4F3-43D4-8882-D31899DB2977}
	EndGlobalSection
EndGlobal
