
Microsoft Visual Studio Solution File, Format Version 12.00
# Visual Studio Version 16
VisualStudioVersion = 25.0.1706.7
MinimumVisualStudioVersion = 10.0.40219.1
Project("{FAE04EC0-301F-11D3-BF4B-00C04F79EFBC}") = "AutoCloseSidebar", "AutoCloseSidebar\AutoCloseSidebar.csproj", "{7DEBA393-C1D0-4837-BF3F-2B635BEDFD41}"
EndProject
Global
	GlobalSection(SolutionConfigurationPlatforms) = preSolution
		Debug|Any CPU = Debug|Any CPU
		Release|Any CPU = Release|Any CPU
	EndGlobalSection
	GlobalSection(ProjectConfigurationPlatforms) = postSolution
		{7DEBA393-C1D0-4837-BF3F-2B635BEDFD41}.Debug|Any CPU.ActiveCfg = Debug|Any CPU
		{7DEBA393-C1D0-4837-BF3F-2B635BEDFD41}.Debug|Any CPU.Build.0 = Debug|Any CPU
		{7DEBA393-C1D0-4837-BF3F-2B635BEDFD41}.Release|Any CPU.ActiveCfg = Release|Any CPU
		{7DEBA393-C1D0-4837-BF3F-2B635BEDFD41}.Release|Any CPU.Build.0 = Release|Any CPU
	EndGlobalSection
	GlobalSection(SolutionProperties) = preSolution
		HideSolutionNode = FALSE
	EndGlobalSection
	GlobalSection(ExtensibilityGlobals) = postSolution
		SolutionGuid = {45889FB9-1647-4F02-831E-756F2E374BA8}
	EndGlobalSection
EndGlobal
