
Microsoft Visual Studio Solution File, Format Version 12.00
# Visual Studio Version 16
VisualStudioVersion = 25.0.1706.9
MinimumVisualStudioVersion = 10.0.40219.1
Project("{FAE04EC0-301F-11D3-BF4B-00C04F79EFBC}") = "Slider", "Slider\Slider.csproj", "{2DCDDD46-BBBD-4E44-9980-E1EC0C834C25}"
EndProject
Global
	GlobalSection(SolutionConfigurationPlatforms) = preSolution
		Debug|Any CPU = Debug|Any CPU
		Release|Any CPU = Release|Any CPU
	EndGlobalSection
	GlobalSection(ProjectConfigurationPlatforms) = postSolution
		{2DCDDD46-BBBD-4E44-9980-E1EC0C834C25}.Debug|Any CPU.ActiveCfg = Debug|Any CPU
		{2DCDDD46-BBBD-4E44-9980-E1EC0C834C25}.Debug|Any CPU.Build.0 = Debug|Any CPU
		{2DCDDD46-BBBD-4E44-9980-E1EC0C834C25}.Release|Any CPU.ActiveCfg = Release|Any CPU
		{2DCDDD46-BBBD-4E44-9980-E1EC0C834C25}.Release|Any CPU.Build.0 = Release|Any CPU
	EndGlobalSection
	GlobalSection(SolutionProperties) = preSolution
		HideSolutionNode = FALSE
	EndGlobalSection
	GlobalSection(ExtensibilityGlobals) = postSolution
		SolutionGuid = {213D3FBB-C9F9-4340-AA29-A787DCC23D5F}
	EndGlobalSection
EndGlobal
