
Microsoft Visual Studio Solution File, Format Version 12.00
# Visual Studio Version 17
VisualStudioVersion = 17.5.002.0
MinimumVisualStudioVersion = 10.0.40219.1
Project("{9A19103F-16F7-4668-BE54-9A1E7A4F7556}") = "BlazingAzureMap", "BlazingAzureMap.csproj", "{8118A9C6-5F4F-4381-9A26-3CDE39DFB89A}"
EndProject
Global
	GlobalSection(SolutionConfigurationPlatforms) = preSolution
		Debug|Any CPU = Debug|Any CPU
		Release|Any CPU = Release|Any CPU
	EndGlobalSection
	GlobalSection(ProjectConfigurationPlatforms) = postSolution
		{8118A9C6-5F4F-4381-9A26-3CDE39DFB89A}.Debug|Any CPU.ActiveCfg = Debug|Any CPU
		{8118A9C6-5F4F-4381-9A26-3CDE39DFB89A}.Debug|Any CPU.Build.0 = Debug|Any CPU
		{8118A9C6-5F4F-4381-9A26-3CDE39DFB89A}.Release|Any CPU.ActiveCfg = Release|Any CPU
		{8118A9C6-5F4F-4381-9A26-3CDE39DFB89A}.Release|Any CPU.Build.0 = Release|Any CPU
	EndGlobalSection
	GlobalSection(SolutionProperties) = preSolution
		HideSolutionNode = FALSE
	EndGlobalSection
	GlobalSection(ExtensibilityGlobals) = postSolution
		SolutionGuid = {05308FF6-809E-4F1E-9220-D0F764EA8F76}
	EndGlobalSection
EndGlobal
