
Microsoft Visual Studio Solution File, Format Version 12.00
# Visual Studio Version 17
VisualStudioVersion = 17.1.32421.90
MinimumVisualStudioVersion = 10.0.40219.1
Project("{9A19103F-16F7-4668-BE54-9A1E7A4F7556}") = "CascadingParameter", "CascadingParameter\CascadingParameter.csproj", "{D3533547-C7A3-428A-B2BB-56A453A8607F}"
EndProject
Global
	GlobalSection(SolutionConfigurationPlatforms) = preSolution
		Debug|Any CPU = Debug|Any CPU
		Release|Any CPU = Release|Any CPU
	EndGlobalSection
	GlobalSection(ProjectConfigurationPlatforms) = postSolution
		{D3533547-C7A3-428A-B2BB-56A453A8607F}.Debug|Any CPU.ActiveCfg = Debug|Any CPU
		{D3533547-C7A3-428A-B2BB-56A453A8607F}.Debug|Any CPU.Build.0 = Debug|Any CPU
		{D3533547-C7A3-428A-B2BB-56A453A8607F}.Release|Any CPU.ActiveCfg = Release|Any CPU
		{D3533547-C7A3-428A-B2BB-56A453A8607F}.Release|Any CPU.Build.0 = Release|Any CPU
	EndGlobalSection
	GlobalSection(SolutionProperties) = preSolution
		HideSolutionNode = FALSE
	EndGlobalSection
	GlobalSection(ExtensibilityGlobals) = postSolution
		SolutionGuid = {277BC2DF-9B16-4E9A-9321-F5B57AEFAEFD}
	EndGlobalSection
EndGlobal
