
Microsoft Visual Studio Solution File, Format Version 12.00
# Visual Studio Version 17
VisualStudioVersion = 17.12.35506.116
MinimumVisualStudioVersion = 10.0.40219.1
Project("{FAE04EC0-301F-11D3-BF4B-00C04F79EFBC}") = "ForExFlow", "ForExFlow\ForExFlow\ForExFlow.csproj", "{B67B7DA2-07E6-4AFC-A893-CD83F3292FC4}"
EndProject
Project("{FAE04EC0-301F-11D3-BF4B-00C04F79EFBC}") = "ForExFlow.Shared", "ForExFlow\ForExFlow.Shared\ForExFlow.Shared.csproj", "{CD5AF942-E273-4999-BC0B-BC8A4CADDFC2}"
EndProject
Project("{FAE04EC0-301F-11D3-BF4B-00C04F79EFBC}") = "ForExFlow.Web", "ForExFlow\ForExFlow.Web\ForExFlow.Web.csproj", "{EE0AB109-D656-475B-BE7F-DACC02DBFA55}"
EndProject
Global
	GlobalSection(SolutionConfigurationPlatforms) = preSolution
		Debug|Any CPU = Debug|Any CPU
		Release|Any CPU = Release|Any CPU
	EndGlobalSection
	GlobalSection(ProjectConfigurationPlatforms) = postSolution
		{B67B7DA2-07E6-4AFC-A893-CD83F3292FC4}.Debug|Any CPU.ActiveCfg = Debug|Any CPU
		{B67B7DA2-07E6-4AFC-A893-CD83F3292FC4}.Debug|Any CPU.Build.0 = Debug|Any CPU
		{B67B7DA2-07E6-4AFC-A893-CD83F3292FC4}.Release|Any CPU.ActiveCfg = Release|Any CPU
		{B67B7DA2-07E6-4AFC-A893-CD83F3292FC4}.Release|Any CPU.Build.0 = Release|Any CPU
		{CD5AF942-E273-4999-BC0B-BC8A4CADDFC2}.Debug|Any CPU.ActiveCfg = Debug|Any CPU
		{CD5AF942-E273-4999-BC0B-BC8A4CADDFC2}.Debug|Any CPU.Build.0 = Debug|Any CPU
		{CD5AF942-E273-4999-BC0B-BC8A4CADDFC2}.Release|Any CPU.ActiveCfg = Release|Any CPU
		{CD5AF942-E273-4999-BC0B-BC8A4CADDFC2}.Release|Any CPU.Build.0 = Release|Any CPU
		{EE0AB109-D656-475B-BE7F-DACC02DBFA55}.Debug|Any CPU.ActiveCfg = Debug|Any CPU
		{EE0AB109-D656-475B-BE7F-DACC02DBFA55}.Debug|Any CPU.Build.0 = Debug|Any CPU
		{EE0AB109-D656-475B-BE7F-DACC02DBFA55}.Release|Any CPU.ActiveCfg = Release|Any CPU
		{EE0AB109-D656-475B-BE7F-DACC02DBFA55}.Release|Any CPU.Build.0 = Release|Any CPU
	EndGlobalSection
	GlobalSection(SolutionProperties) = preSolution
		HideSolutionNode = FALSE
	EndGlobalSection
EndGlobal
